
Microsoft Visual Studio Solution File, Format Version 12.00
# Visual Studio Version 17
VisualStudioVersion = 17.3.32901.215
MinimumVisualStudioVersion = 10.0.40219.1
Project("{FAE04EC0-301F-11D3-BF4B-00C04F79EFBC}") = "LanguageSchool", "LanguageSchool.csproj", "{96EFA6ED-4484-479D-8DC9-B27CAC6FE596}"
EndProject
Global
	GlobalSection(SolutionConfigurationPlatforms) = preSolution
		Debug|Any CPU = Debug|Any CPU
		Release|Any CPU = Release|Any CPU
	EndGlobalSection
	GlobalSection(ProjectConfigurationPlatforms) = postSolution
		{96EFA6ED-4484-479D-8DC9-B27CAC6FE596}.Debug|Any CPU.ActiveCfg = Debug|Any CPU
		{96EFA6ED-4484-479D-8DC9-B27CAC6FE596}.Debug|Any CPU.Build.0 = Debug|Any CPU
		{96EFA6ED-4484-479D-8DC9-B27CAC6FE596}.Release|Any CPU.ActiveCfg = Release|Any CPU
		{96EFA6ED-4484-479D-8DC9-B27CAC6FE596}.Release|Any CPU.Build.0 = Release|Any CPU
	EndGlobalSection
	GlobalSection(SolutionProperties) = preSolution
		HideSolutionNode = FALSE
	EndGlobalSection
	GlobalSection(ExtensibilityGlobals) = postSolution
		SolutionGuid = {DD40C39F-49D8-429F-B581-72C4A489034A}
	EndGlobalSection
EndGlobal
